
Microsoft Visual Studio Solution File, Format Version 12.00
# Visual Studio 15
VisualStudioVersion = 15.0.27428.2011
MinimumVisualStudioVersion = 10.0.40219.1
Project("{FAE04EC0-301F-11D3-BF4B-00C04F79EFBC}") = "WebsitesTests", "WebsitesTests\WebsitesTests.csproj", "{CA594219-3C07-4085-8E6B-789D7BBC3BC4}"
EndProject
Project("{FAE04EC0-301F-11D3-BF4B-00C04F79EFBC}") = "Websites", "Websites\Websites.csproj", "{5AB347E7-9906-47D0-83FE-F1EE0BA3E323}"
EndProject
Global
	GlobalSection(SolutionConfigurationPlatforms) = preSolution
		Debug|Any CPU = Debug|Any CPU
		Release|Any CPU = Release|Any CPU
	EndGlobalSection
	GlobalSection(ProjectConfigurationPlatforms) = postSolution
		{CA594219-3C07-4085-8E6B-789D7BBC3BC4}.Debug|Any CPU.ActiveCfg = Debug|Any CPU
		{CA594219-3C07-4085-8E6B-789D7BBC3BC4}.Debug|Any CPU.Build.0 = Debug|Any CPU
		{CA594219-3C07-4085-8E6B-789D7BBC3BC4}.Release|Any CPU.ActiveCfg = Release|Any CPU
		{CA594219-3C07-4085-8E6B-789D7BBC3BC4}.Release|Any CPU.Build.0 = Release|Any CPU
		{5AB347E7-9906-47D0-83FE-F1EE0BA3E323}.Debug|Any CPU.ActiveCfg = Debug|Any CPU
		{5AB347E7-9906-47D0-83FE-F1EE0BA3E323}.Debug|Any CPU.Build.0 = Debug|Any CPU
		{5AB347E7-9906-47D0-83FE-F1EE0BA3E323}.Release|Any CPU.ActiveCfg = Release|Any CPU
		{5AB347E7-9906-47D0-83FE-F1EE0BA3E323}.Release|Any CPU.Build.0 = Release|Any CPU
	EndGlobalSection
	GlobalSection(SolutionProperties) = preSolution
		HideSolutionNode = FALSE
	EndGlobalSection
	GlobalSection(ExtensibilityGlobals) = postSolution
		SolutionGuid = {B6CA7E77-B4C4-44D3-9C74-4ED1DB5FDF8A}
	EndGlobalSection
EndGlobal
