
Microsoft Visual Studio Solution File, Format Version 12.00
# Visual Studio 2012
Project("{FAE04EC0-301F-11D3-BF4B-00C04F79EFBC}") = "Movies", "Movies\Movies.csproj", "{7788AAA7-4C87-40AD-B013-9ECAAE8F0713}"
EndProject
Project("{FAE04EC0-301F-11D3-BF4B-00C04F79EFBC}") = "Movies.Tests", "Movies.Tests\Movies.Tests.csproj", "{6295E833-5F8E-48D5-90DB-DB23BF1E83EE}"
EndProject
Global
	GlobalSection(SolutionConfigurationPlatforms) = preSolution
		Debug|Any CPU = Debug|Any CPU
		Release|Any CPU = Release|Any CPU
	EndGlobalSection
	GlobalSection(ProjectConfigurationPlatforms) = postSolution
		{7788AAA7-4C87-40AD-B013-9ECAAE8F0713}.Debug|Any CPU.ActiveCfg = Debug|Any CPU
		{7788AAA7-4C87-40AD-B013-9ECAAE8F0713}.Debug|Any CPU.Build.0 = Debug|Any CPU
		{7788AAA7-4C87-40AD-B013-9ECAAE8F0713}.Release|Any CPU.ActiveCfg = Release|Any CPU
		{7788AAA7-4C87-40AD-B013-9ECAAE8F0713}.Release|Any CPU.Build.0 = Release|Any CPU
		{6295E833-5F8E-48D5-90DB-DB23BF1E83EE}.Debug|Any CPU.ActiveCfg = Debug|Any CPU
		{6295E833-5F8E-48D5-90DB-DB23BF1E83EE}.Debug|Any CPU.Build.0 = Debug|Any CPU
		{6295E833-5F8E-48D5-90DB-DB23BF1E83EE}.Release|Any CPU.ActiveCfg = Release|Any CPU
		{6295E833-5F8E-48D5-90DB-DB23BF1E83EE}.Release|Any CPU.Build.0 = Release|Any CPU
	EndGlobalSection
	GlobalSection(SolutionProperties) = preSolution
		HideSolutionNode = FALSE
	EndGlobalSection
	GlobalSection(ExtensibilityGlobals) = postSolution
		SolutionGuid = {5662B92B-8D0A-4381-9D5B-8EB16805DCE4}
	EndGlobalSection
EndGlobal
